{
  "name": "dataGen",
  "lockfileVersion": 2,
  "requires": true,
  "packages": {
    "": {
      "dependencies": {
        "@faker-js/faker": "^8.0.2",
        "csv-writer": "^1.6.0",
        "readline": "^1.3.0"
      }
    },
    "node_modules/@faker-js/faker": {
      "version": "8.0.2",
      "resolved": "https://registry.npmjs.org/@faker-js/faker/-/faker-8.0.2.tgz",
      "integrity": "sha512-Uo3pGspElQW91PCvKSIAXoEgAUlRnH29sX2/p89kg7sP1m2PzCufHINd0FhTXQf6DYGiUlVncdSPa2F9wxed2A==",
      "funding": [
        {
          "type": "opencollective",
          "url": "https://opencollective.com/fakerjs"
        }
      ],
      "engines": {
        "node": "^14.17.0 || ^16.13.0 || >=18.0.0",
        "npm": ">=6.14.13"
      }
    },
    "node_modules/csv-writer": {
      "version": "1.6.0",
      "resolved": "https://registry.npmjs.org/csv-writer/-/csv-writer-1.6.0.tgz",
      "integrity": "sha512-NOx7YDFWEsM/fTRAJjRpPp8t+MKRVvniAg9wQlUKx20MFrPs73WLJhFf5iteqrxNYnsy924K3Iroh3yNHeYd2g=="
    },
    "node_modules/readline": {
      "version": "1.3.0",
      "resolved": "https://registry.npmjs.org/readline/-/readline-1.3.0.tgz",
      "integrity": "sha512-k2d6ACCkiNYz222Fs/iNze30rRJ1iIicW7JuX/7/cozvih6YCkFZH+J6mAFDVgv0dRBaAyr4jDqC95R2y4IADg=="
    }
  },
  "dependencies": {
    "@faker-js/faker": {
      "version": "8.0.2",
      "resolved": "https://registry.npmjs.org/@faker-js/faker/-/faker-8.0.2.tgz",
      "integrity": "sha512-Uo3pGspElQW91PCvKSIAXoEgAUlRnH29sX2/p89kg7sP1m2PzCufHINd0FhTXQf6DYGiUlVncdSPa2F9wxed2A=="
    },
    "csv-writer": {
      "version": "1.6.0",
      "resolved": "https://registry.npmjs.org/csv-writer/-/csv-writer-1.6.0.tgz",
      "integrity": "sha512-NOx7YDFWEsM/fTRAJjRpPp8t+MKRVvniAg9wQlUKx20MFrPs73WLJhFf5iteqrxNYnsy924K3Iroh3yNHeYd2g=="
    },
    "readline": {
      "version": "1.3.0",
      "resolved": "https://registry.npmjs.org/readline/-/readline-1.3.0.tgz",
      "integrity": "sha512-k2d6ACCkiNYz222Fs/iNze30rRJ1iIicW7JuX/7/cozvih6YCkFZH+J6mAFDVgv0dRBaAyr4jDqC95R2y4IADg=="
    }
  }
}
